
Microsoft Visual Studio Solution File, Format Version 12.00
# Visual Studio Version 18
VisualStudioVersion = 18.3.11505.172 d18.3
MinimumVisualStudioVersion = 10.0.40219.1
Project("{FAE04EC0-301F-11D3-BF4B-00C04F79EFBC}") = "SpawnDev.BlazorJS.OnnxRuntimeWeb", "SpawnDev.BlazorJS.OnnxRuntimeWeb\SpawnDev.BlazorJS.OnnxRuntimeWeb.csproj", "{F85EC026-AF1C-70D4-ECBD-FFBCA02E87EC}"
EndProject
Project("{FAE04EC0-301F-11D3-BF4B-00C04F79EFBC}") = "SpawnDev.BlazorJS.OnnxRuntimeWeb.Demo", "SpawnDev.BlazorJS.OnnxRuntimeWeb.Demo\SpawnDev.BlazorJS.OnnxRuntimeWeb.Demo.csproj", "{FDC095EC-B94F-466E-BA28-3985F2468C29}"
EndProject
Global
	GlobalSection(SolutionConfigurationPlatforms) = preSolution
		Debug|Any CPU = Debug|Any CPU
		Release|Any CPU = Release|Any CPU
	EndGlobalSection
	GlobalSection(ProjectConfigurationPlatforms) = postSolution
		{F85EC026-AF1C-70D4-ECBD-FFBCA02E87EC}.Debug|Any CPU.ActiveCfg = Debug|Any CPU
		{F85EC026-AF1C-70D4-ECBD-FFBCA02E87EC}.Debug|Any CPU.Build.0 = Debug|Any CPU
		{F85EC026-AF1C-70D4-ECBD-FFBCA02E87EC}.Release|Any CPU.ActiveCfg = Release|Any CPU
		{F85EC026-AF1C-70D4-ECBD-FFBCA02E87EC}.Release|Any CPU.Build.0 = Release|Any CPU
		{FDC095EC-B94F-466E-BA28-3985F2468C29}.Debug|Any CPU.ActiveCfg = Debug|Any CPU
		{FDC095EC-B94F-466E-BA28-3985F2468C29}.Debug|Any CPU.Build.0 = Debug|Any CPU
		{FDC095EC-B94F-466E-BA28-3985F2468C29}.Release|Any CPU.ActiveCfg = Release|Any CPU
		{FDC095EC-B94F-466E-BA28-3985F2468C29}.Release|Any CPU.Build.0 = Release|Any CPU
	EndGlobalSection
	GlobalSection(SolutionProperties) = preSolution
		HideSolutionNode = FALSE
	EndGlobalSection
	GlobalSection(ExtensibilityGlobals) = postSolution
		SolutionGuid = {583C2D04-7561-447A-8A3A-513204A50350}
	EndGlobalSection
EndGlobal
